PODS:
  - Alamofire (4.7.3)
  - Bolts (1.9.0):
    - Bolts/AppLinks (= 1.9.0)
    - Bolts/Tasks (= 1.9.0)
  - Bolts/AppLinks (1.9.0):
    - Bolts/Tasks
  - Bolts/Tasks (1.9.0)
  - Differentiator (3.1.0)
  - FacebookCore (0.4.0):
    - Bolts (~> 1.9)
    - FBSDKCoreKit (~> 4.36)
  - FacebookLogin (0.4.0):
    - Bolts (~> 1.9)
    - FacebookCore (~> 0.4)
    - FBSDKCoreKit (~> 4.36)
    - FBSDKLoginKit (~> 4.36)
  - FBSDKCoreKit (4.37.0):
    - Bolts (~> 1.7)
  - FBSDKLoginKit (4.37.0):
    - FBSDKCoreKit
  - FBSDKShareKit (4.37.0):
    - FBSDKCoreKit (~> 4.37.0)
  - IQKeyboardManagerSwift (6.1.1)
  - JGProgressHUD (2.0.3)
  - ObjectMapper (3.3.0)
  - RxCocoa (4.3.0):
    - RxSwift (~> 4.0)
  - RxDataSources (3.1.0):
    - Differentiator (~> 3.0)
    - RxCocoa (~> 4.0)
    - RxSwift (~> 4.0)
  - RxSwift (4.3.0)

DEPENDENCIES:
  - Alamofire (~> 4.7)
  - FacebookCore
  - FacebookLogin
  - FBSDKCoreKit
  - FBSDKLoginKit
  - FBSDKShareKit
  - IQKeyboardManagerSwift
  - JGProgressHUD
  - ObjectMapper (~> 3.1)
  - RxCocoa (~> 4.0)
  - RxDataSources (~> 3.0)
  - RxSwift (~> 4.0)

SPEC REPOS:
  https://github.com/cocoapods/specs.git:
    - Alamofire
    - Bolts
    - Differentiator
    - FacebookCore
    - FacebookLogin
    - FBSDKCoreKit
    - FBSDKLoginKit
    - FBSDKShareKit
    - IQKeyboardManagerSwift
    - JGProgressHUD
    - ObjectMapper
    - RxCocoa
    - RxDataSources
    - RxSwift

SPEC CHECKSUMS:
  Alamofire: c7287b6e5d7da964a70935e5db17046b7fde6568
  Bolts: ac6567323eac61e203f6a9763667d0f711be34c8
  Differentiator: be49ca3408f0ecfc761e4c7763d20c62be01b9ad
  FacebookCore: 770e57cfe250a4de4458b682191c0ff062dee247
  FacebookLogin: eb0f2251aca835a94d70a5f7e580edc46d1e1603
  FBSDKCoreKit: fe5f3474499a81963e11e3f3a5c753d0a95ca2b4
  FBSDKLoginKit: 2f7249686d1e30ce8a5ef5400eedf50b3e3df332
  FBSDKShareKit: 52e0083222c38e930eb6878007478326599195c3
  IQKeyboardManagerSwift: 977affaeb4d6e971975c7790a6850f31d38f1207
  JGProgressHUD: 12b20a8f4ffe05258f8635c1ab92816e451f904d
  ObjectMapper: b612bf8c8e99c4dc0bb6013a51f7c27966ed5da9
  RxCocoa: 71b9cce833fbcb89a8eec11816dd225830c2bd3c
  RxDataSources: a843bad90c29817f5923ec8163f4af2de084ceb3
  RxSwift: a9717a34df3179fe63563f76e046ad345078dd3a

PODFILE CHECKSUM: a543f74d55db08fa51fd85f4cd9b469ab2a86301

COCOAPODS: 1.5.3
