// !$*UTF8*$!
{
	archiveVersion = 1;
	classes = {
	};
	objectVersion = 50;
	objects = {

/* Begin PBXBuildFile section */
		5AB552F5216C8F0F00BCF419 /* ReplaceViewControllerView.swift in Sources */ = {isa = PBXBuildFile; fileRef = 5AB552F4216C8F0F00BCF419 /* ReplaceViewControllerView.swift */; };
		5ABC57D5216F26AA001CCA95 /* HomePageTVCell.swift in Sources */ = {isa = PBXBuildFile; fileRef = 5ABC57D3216F26AA001CCA95 /* HomePageTVCell.swift */; };
		5ABC57D6216F26AA001CCA95 /* HomePageTVCell.xib in Resources */ = {isa = PBXBuildFile; fileRef = 5ABC57D4216F26AA001CCA95 /* HomePageTVCell.xib */; };
		5ABC57D9216F2726001CCA95 /* HomePageCCell.swift in Sources */ = {isa = PBXBuildFile; fileRef = 5ABC57D7216F2726001CCA95 /* HomePageCCell.swift */; };
		5ABC57DA216F2726001CCA95 /* HomePageCCell.xib in Resources */ = {isa = PBXBuildFile; fileRef = 5ABC57D8216F2726001CCA95 /* HomePageCCell.xib */; };
		5ABC57DC216F2858001CCA95 /* HomeTVItems.swift in Sources */ = {isa = PBXBuildFile; fileRef = 5ABC57DB216F2858001CCA95 /* HomeTVItems.swift */; };
		5AD289212166059F000A7D6F /* AppDelegate.swift in Sources */ = {isa = PBXBuildFile; fileRef = 5AD289202166059F000A7D6F /* AppDelegate.swift */; };
		5AD289232166059F000A7D6F /* MainViewController.swift in Sources */ = {isa = PBXBuildFile; fileRef = 5AD289222166059F000A7D6F /* MainViewController.swift */; };
		5AD289262166059F000A7D6F /* Main.storyboard in Resources */ = {isa = PBXBuildFile; fileRef = 5AD289242166059F000A7D6F /* Main.storyboard */; };
		5AD289292166059F000A7D6F /* MainApp.xcdatamodeld in Sources */ = {isa = PBXBuildFile; fileRef = 5AD289272166059F000A7D6F /* MainApp.xcdatamodeld */; };
		5AD2892B216605A2000A7D6F /* Assets.xcassets in Resources */ = {isa = PBXBuildFile; fileRef = 5AD2892A216605A2000A7D6F /* Assets.xcassets */; };
		5AD2892E216605A2000A7D6F /* LaunchScreen.storyboard in Resources */ = {isa = PBXBuildFile; fileRef = 5AD2892C216605A2000A7D6F /* LaunchScreen.storyboard */; };
		5AD28939216605A2000A7D6F /* MainAppTests.swift in Sources */ = {isa = PBXBuildFile; fileRef = 5AD28938216605A2000A7D6F /* MainAppTests.swift */; };
		5AD28944216605A2000A7D6F /* MainAppUITests.swift in Sources */ = {isa = PBXBuildFile; fileRef = 5AD28943216605A2000A7D6F /* MainAppUITests.swift */; };
		5AD2895821660972000A7D6F /* BaseControllerView.swift in Sources */ = {isa = PBXBuildFile; fileRef = 5AD2895721660972000A7D6F /* BaseControllerView.swift */; };
		5AD2895B21660B69000A7D6F /* PopUpDialogViewController.swift in Sources */ = {isa = PBXBuildFile; fileRef = 5AD2895921660B69000A7D6F /* PopUpDialogViewController.swift */; };
		5AD2895C21660B69000A7D6F /* PopUpDialogViewController.xib in Resources */ = {isa = PBXBuildFile; fileRef = 5AD2895A21660B69000A7D6F /* PopUpDialogViewController.xib */; };
		5AD2895E21660D3B000A7D6F /* ShadowExtention.swift in Sources */ = {isa = PBXBuildFile; fileRef = 5AD2895D21660D3B000A7D6F /* ShadowExtention.swift */; };
		5AD2896021660D81000A7D6F /* StringValidation.swift in Sources */ = {isa = PBXBuildFile; fileRef = 5AD2895F21660D81000A7D6F /* StringValidation.swift */; };
		5AD2896921662CB2000A7D6F /* SWRevealViewController.m in Sources */ = {isa = PBXBuildFile; fileRef = 5AD2896821662CB2000A7D6F /* SWRevealViewController.m */; };
		5AD2896B2166353B000A7D6F /* SideMenuItemsVC.swift in Sources */ = {isa = PBXBuildFile; fileRef = 5AD2896A2166353B000A7D6F /* SideMenuItemsVC.swift */; };
		5AD2896E216635C3000A7D6F /* SideMenuItemsTVCell.swift in Sources */ = {isa = PBXBuildFile; fileRef = 5AD2896C216635C3000A7D6F /* SideMenuItemsTVCell.swift */; };
		5AD2896F216635C3000A7D6F /* SideMenuItemsTVCell.xib in Resources */ = {isa = PBXBuildFile; fileRef = 5AD2896D216635C3000A7D6F /* SideMenuItemsTVCell.xib */; };
		5AD28971216638EC000A7D6F /* SideMenuItem.swift in Sources */ = {isa = PBXBuildFile; fileRef = 5AD28970216638EC000A7D6F /* SideMenuItem.swift */; };
		5AD2897421663FE1000A7D6F /* SideMenuItem1VC.swift in Sources */ = {isa = PBXBuildFile; fileRef = 5AD2897321663FE1000A7D6F /* SideMenuItem1VC.swift */; };
		5AD8BA90216BA0E9004D3EB0 /* HomeVC.swift in Sources */ = {isa = PBXBuildFile; fileRef = 5AD8BA8F216BA0E9004D3EB0 /* HomeVC.swift */; };
		7E54315C6D9F14E4AEE359CD /* Pods_MainApp.framework in Frameworks */ = {isa = PBXBuildFile; fileRef = DEA8963C6E515669F47F1101 /* Pods_MainApp.framework */; };
/* End PBXBuildFile section */

/* Begin PBXContainerItemProxy section */
		5AD28935216605A2000A7D6F /* PBXContainerItemProxy */ = {
			isa = PBXContainerItemProxy;
			containerPortal = 5AD289152166059F000A7D6F /* Project object */;
			proxyType = 1;
			remoteGlobalIDString = 5AD2891C2166059F000A7D6F;
			remoteInfo = MainApp;
		};
		5AD28940216605A2000A7D6F /* PBXContainerItemProxy */ = {
			isa = PBXContainerItemProxy;
			containerPortal = 5AD289152166059F000A7D6F /* Project object */;
			proxyType = 1;
			remoteGlobalIDString = 5AD2891C2166059F000A7D6F;
			remoteInfo = MainApp;
		};
/* End PBXContainerItemProxy section */

/* Begin PBXFileReference section */
		02B48CB208CDD49DEC4F3825 /* Pods-MainApp.debug.xcconfig */ = {isa = PBXFileReference; includeInIndex = 1; lastKnownFileType = text.xcconfig; name = "Pods-MainApp.debug.xcconfig"; path = "Pods/Target Support Files/Pods-MainApp/Pods-MainApp.debug.xcconfig"; sourceTree = "<group>"; };
		1575A0EE33CD583AC14A9160 /* Pods-MainApp.release.xcconfig */ = {isa = PBXFileReference; includeInIndex = 1; lastKnownFileType = text.xcconfig; name = "Pods-MainApp.release.xcconfig"; path = "Pods/Target Support Files/Pods-MainApp/Pods-MainApp.release.xcconfig"; sourceTree = "<group>"; };
		5AB552F4216C8F0F00BCF419 /* ReplaceViewControllerView.swift */ = {isa = PBXFileReference; lastKnownFileType = sourcecode.swift; path = ReplaceViewControllerView.swift; sourceTree = "<group>"; };
		5ABC57D3216F26AA001CCA95 /* HomePageTVCell.swift */ = {isa = PBXFileReference; lastKnownFileType = sourcecode.swift; path = HomePageTVCell.swift; sourceTree = "<group>"; };
		5ABC57D4216F26AA001CCA95 /* HomePageTVCell.xib */ = {isa = PBXFileReference; lastKnownFileType = file.xib; path = HomePageTVCell.xib; sourceTree = "<group>"; };
		5ABC57D7216F2726001CCA95 /* HomePageCCell.swift */ = {isa = PBXFileReference; lastKnownFileType = sourcecode.swift; path = HomePageCCell.swift; sourceTree = "<group>"; };
		5ABC57D8216F2726001CCA95 /* HomePageCCell.xib */ = {isa = PBXFileReference; lastKnownFileType = file.xib; path = HomePageCCell.xib; sourceTree = "<group>"; };
		5ABC57DB216F2858001CCA95 /* HomeTVItems.swift */ = {isa = PBXFileReference; lastKnownFileType = sourcecode.swift; path = HomeTVItems.swift; sourceTree = "<group>"; };
		5AD2891D2166059F000A7D6F /* MainApp.app */ = {isa = PBXFileReference; explicitFileType = wrapper.application; includeInIndex = 0; path = MainApp.app; sourceTree = BUILT_PRODUCTS_DIR; };
		5AD289202166059F000A7D6F /* AppDelegate.swift */ = {isa = PBXFileReference; lastKnownFileType = sourcecode.swift; path = AppDelegate.swift; sourceTree = "<group>"; };
		5AD289222166059F000A7D6F /* MainViewController.swift */ = {isa = PBXFileReference; lastKnownFileType = sourcecode.swift; path = MainViewController.swift; sourceTree = "<group>"; };
		5AD289252166059F000A7D6F /* Base */ = {isa = PBXFileReference; lastKnownFileType = file.storyboard; name = Base; path = Base.lproj/Main.storyboard; sourceTree = "<group>"; };
		5AD289282166059F000A7D6F /* MainApp.xcdatamodel */ = {isa = PBXFileReference; lastKnownFileType = wrapper.xcdatamodel; path = MainApp.xcdatamodel; sourceTree = "<group>"; };
		5AD2892A216605A2000A7D6F /* Assets.xcassets */ = {isa = PBXFileReference; lastKnownFileType = folder.assetcatalog; path = Assets.xcassets; sourceTree = "<group>"; };
		5AD2892D216605A2000A7D6F /* Base */ = {isa = PBXFileReference; lastKnownFileType = file.storyboard; name = Base; path = Base.lproj/LaunchScreen.storyboard; sourceTree = "<group>"; };
		5AD2892F216605A2000A7D6F /* Info.plist */ = {isa = PBXFileReference; lastKnownFileType = text.plist.xml; path = Info.plist; sourceTree = "<group>"; };
		5AD28934216605A2000A7D6F /* MainAppTests.xctest */ = {isa = PBXFileReference; explicitFileType = wrapper.cfbundle; includeInIndex = 0; path = MainAppTests.xctest; sourceTree = BUILT_PRODUCTS_DIR; };
		5AD28938216605A2000A7D6F /* MainAppTests.swift */ = {isa = PBXFileReference; lastKnownFileType = sourcecode.swift; path = MainAppTests.swift; sourceTree = "<group>"; };
		5AD2893A216605A2000A7D6F /* Info.plist */ = {isa = PBXFileReference; lastKnownFileType = text.plist.xml; path = Info.plist; sourceTree = "<group>"; };
		5AD2893F216605A2000A7D6F /* MainAppUITests.xctest */ = {isa = PBXFileReference; explicitFileType = wrapper.cfbundle; includeInIndex = 0; path = MainAppUITests.xctest; sourceTree = BUILT_PRODUCTS_DIR; };
		5AD28943216605A2000A7D6F /* MainAppUITests.swift */ = {isa = PBXFileReference; lastKnownFileType = sourcecode.swift; path = MainAppUITests.swift; sourceTree = "<group>"; };
		5AD28945216605A2000A7D6F /* Info.plist */ = {isa = PBXFileReference; lastKnownFileType = text.plist.xml; path = Info.plist; sourceTree = "<group>"; };
		5AD2895721660972000A7D6F /* BaseControllerView.swift */ = {isa = PBXFileReference; lastKnownFileType = sourcecode.swift; path = BaseControllerView.swift; sourceTree = "<group>"; };
		5AD2895921660B69000A7D6F /* PopUpDialogViewController.swift */ = {isa = PBXFileReference; fileEncoding = 4; lastKnownFileType = sourcecode.swift; path = PopUpDialogViewController.swift; sourceTree = "<group>"; };
		5AD2895A21660B69000A7D6F /* PopUpDialogViewController.xib */ = {isa = PBXFileReference; fileEncoding = 4; lastKnownFileType = file.xib; path = PopUpDialogViewController.xib; sourceTree = "<group>"; };
		5AD2895D21660D3B000A7D6F /* ShadowExtention.swift */ = {isa = PBXFileReference; fileEncoding = 4; lastKnownFileType = sourcecode.swift; path = ShadowExtention.swift; sourceTree = "<group>"; };
		5AD2895F21660D81000A7D6F /* StringValidation.swift */ = {isa = PBXFileReference; fileEncoding = 4; lastKnownFileType = sourcecode.swift; path = StringValidation.swift; sourceTree = "<group>"; };
		5AD2896621662CB2000A7D6F /* SwiftRevealViewController-Bridging-Header.h */ = {isa = PBXFileReference; fileEncoding = 4; lastKnownFileType = sourcecode.c.h; path = "SwiftRevealViewController-Bridging-Header.h"; sourceTree = "<group>"; };
		5AD2896721662CB2000A7D6F /* SWRevealViewController.h */ = {isa = PBXFileReference; fileEncoding = 4; lastKnownFileType = sourcecode.c.h; name = SWRevealViewController.h; path = "../../../../../Users/macbokkpro/Downloads/SwiftRevealViewController-master/SwiftRevealViewController/SWRevealViewController.h"; sourceTree = "<group>"; };
		5AD2896821662CB2000A7D6F /* SWRevealViewController.m */ = {isa = PBXFileReference; fileEncoding = 4; lastKnownFileType = sourcecode.c.objc; name = SWRevealViewController.m; path = "../../../../../Users/macbokkpro/Downloads/SwiftRevealViewController-master/SwiftRevealViewController/SWRevealViewController.m"; sourceTree = "<group>"; };
		5AD2896A2166353B000A7D6F /* SideMenuItemsVC.swift */ = {isa = PBXFileReference; lastKnownFileType = sourcecode.swift; path = SideMenuItemsVC.swift; sourceTree = "<group>"; };
		5AD2896C216635C3000A7D6F /* SideMenuItemsTVCell.swift */ = {isa = PBXFileReference; lastKnownFileType = sourcecode.swift; path = SideMenuItemsTVCell.swift; sourceTree = "<group>"; };
		5AD2896D216635C3000A7D6F /* SideMenuItemsTVCell.xib */ = {isa = PBXFileReference; lastKnownFileType = file.xib; path = SideMenuItemsTVCell.xib; sourceTree = "<group>"; };
		5AD28970216638EC000A7D6F /* SideMenuItem.swift */ = {isa = PBXFileReference; lastKnownFileType = sourcecode.swift; path = SideMenuItem.swift; sourceTree = "<group>"; };
		5AD2897321663FE1000A7D6F /* SideMenuItem1VC.swift */ = {isa = PBXFileReference; lastKnownFileType = sourcecode.swift; path = SideMenuItem1VC.swift; sourceTree = "<group>"; };
		5AD8BA8F216BA0E9004D3EB0 /* HomeVC.swift */ = {isa = PBXFileReference; lastKnownFileType = sourcecode.swift; path = HomeVC.swift; sourceTree = "<group>"; };
		DEA8963C6E515669F47F1101 /* Pods_MainApp.framework */ = {isa = PBXFileReference; explicitFileType = wrapper.framework; includeInIndex = 0; path = Pods_MainApp.framework; sourceTree = BUILT_PRODUCTS_DIR; };
/* End PBXFileReference section */

/* Begin PBXFrameworksBuildPhase section */
		5AD2891A2166059F000A7D6F /* Frameworks */ = {
			isa = PBXFrameworksBuildPhase;
			buildActionMask = 2147483647;
			files = (
				7E54315C6D9F14E4AEE359CD /* Pods_MainApp.framework in Frameworks */,
			);
			runOnlyForDeploymentPostprocessing = 0;
		};
		5AD28931216605A2000A7D6F /* Frameworks */ = {
			isa = PBXFrameworksBuildPhase;
			buildActionMask = 2147483647;
			files = (
			);
			runOnlyForDeploymentPostprocessing = 0;
		};
		5AD2893C216605A2000A7D6F /* Frameworks */ = {
			isa = PBXFrameworksBuildPhase;
			buildActionMask = 2147483647;
			files = (
			);
			runOnlyForDeploymentPostprocessing = 0;
		};
/* End PBXFrameworksBuildPhase section */

/* Begin PBXGroup section */
		5AB552F6216C99E500BCF419 /* xib files */ = {
			isa = PBXGroup;
			children = (
				5AD2896D216635C3000A7D6F /* SideMenuItemsTVCell.xib */,
				5ABC57D4216F26AA001CCA95 /* HomePageTVCell.xib */,
				5ABC57D8216F2726001CCA95 /* HomePageCCell.xib */,
				5AD2895A21660B69000A7D6F /* PopUpDialogViewController.xib */,
			);
			path = "xib files";
			sourceTree = "<group>";
		};
		5AD289142166059F000A7D6F = {
			isa = PBXGroup;
			children = (
				5AD2891F2166059F000A7D6F /* MainApp */,
				5AD28937216605A2000A7D6F /* MainAppTests */,
				5AD28942216605A2000A7D6F /* MainAppUITests */,
				5AD2891E2166059F000A7D6F /* Products */,
				C0DDBFCAE5C05D72CD9EB616 /* Pods */,
				CD472A3EF4F654A38B5D19D3 /* Frameworks */,
			);
			sourceTree = "<group>";
		};
		5AD2891E2166059F000A7D6F /* Products */ = {
			isa = PBXGroup;
			children = (
				5AD2891D2166059F000A7D6F /* MainApp.app */,
				5AD28934216605A2000A7D6F /* MainAppTests.xctest */,
				5AD2893F216605A2000A7D6F /* MainAppUITests.xctest */,
			);
			name = Products;
			sourceTree = "<group>";
		};
		5AD2891F2166059F000A7D6F /* MainApp */ = {
			isa = PBXGroup;
			children = (
				5AD289562166060A000A7D6F /* extensions */,
				5AD28955216605FA000A7D6F /* custom views */,
				5AD28954216605E8000A7D6F /* models */,
				5AB552F6216C99E500BCF419 /* xib files */,
				5AD28953216605DF000A7D6F /* cells */,
				5AD28952216605CC000A7D6F /* controllers */,
				5AD28951216605B8000A7D6F /* support files */,
				5AD289242166059F000A7D6F /* Main.storyboard */,
				5AD2892F216605A2000A7D6F /* Info.plist */,
				5AD2892A216605A2000A7D6F /* Assets.xcassets */,
				5AD2892C216605A2000A7D6F /* LaunchScreen.storyboard */,
				5AD289272166059F000A7D6F /* MainApp.xcdatamodeld */,
			);
			path = MainApp;
			sourceTree = "<group>";
		};
		5AD28937216605A2000A7D6F /* MainAppTests */ = {
			isa = PBXGroup;
			children = (
				5AD28938216605A2000A7D6F /* MainAppTests.swift */,
				5AD2893A216605A2000A7D6F /* Info.plist */,
			);
			path = MainAppTests;
			sourceTree = "<group>";
		};
		5AD28942216605A2000A7D6F /* MainAppUITests */ = {
			isa = PBXGroup;
			children = (
				5AD28943216605A2000A7D6F /* MainAppUITests.swift */,
				5AD28945216605A2000A7D6F /* Info.plist */,
			);
			path = MainAppUITests;
			sourceTree = "<group>";
		};
		5AD28951216605B8000A7D6F /* support files */ = {
			isa = PBXGroup;
			children = (
				5AD289202166059F000A7D6F /* AppDelegate.swift */,
				5AB552F4216C8F0F00BCF419 /* ReplaceViewControllerView.swift */,
			);
			path = "support files";
			sourceTree = "<group>";
		};
		5AD28952216605CC000A7D6F /* controllers */ = {
			isa = PBXGroup;
			children = (
				5AD28961216618E2000A7D6F /* side menu */,
				5AD2895921660B69000A7D6F /* PopUpDialogViewController.swift */,
				5AD289222166059F000A7D6F /* MainViewController.swift */,
				5AD2895721660972000A7D6F /* BaseControllerView.swift */,
				5AD8BA8F216BA0E9004D3EB0 /* HomeVC.swift */,
			);
			path = controllers;
			sourceTree = "<group>";
		};
		5AD28953216605DF000A7D6F /* cells */ = {
			isa = PBXGroup;
			children = (
				5AD2896C216635C3000A7D6F /* SideMenuItemsTVCell.swift */,
				5ABC57D3216F26AA001CCA95 /* HomePageTVCell.swift */,
				5ABC57D7216F2726001CCA95 /* HomePageCCell.swift */,
			);
			path = cells;
			sourceTree = "<group>";
		};
		5AD28954216605E8000A7D6F /* models */ = {
			isa = PBXGroup;
			children = (
				5AD28970216638EC000A7D6F /* SideMenuItem.swift */,
				5ABC57DB216F2858001CCA95 /* HomeTVItems.swift */,
			);
			path = models;
			sourceTree = "<group>";
		};
		5AD28955216605FA000A7D6F /* custom views */ = {
			isa = PBXGroup;
			children = (
			);
			path = "custom views";
			sourceTree = "<group>";
		};
		5AD289562166060A000A7D6F /* extensions */ = {
			isa = PBXGroup;
			children = (
				5AD2895D21660D3B000A7D6F /* ShadowExtention.swift */,
				5AD2895F21660D81000A7D6F /* StringValidation.swift */,
			);
			path = extensions;
			sourceTree = "<group>";
		};
		5AD28961216618E2000A7D6F /* side menu */ = {
			isa = PBXGroup;
			children = (
				5AD2897221663FB5000A7D6F /* side menu items vc */,
				5AD2896621662CB2000A7D6F /* SwiftRevealViewController-Bridging-Header.h */,
				5AD2896721662CB2000A7D6F /* SWRevealViewController.h */,
				5AD2896821662CB2000A7D6F /* SWRevealViewController.m */,
				5AD2896A2166353B000A7D6F /* SideMenuItemsVC.swift */,
			);
			path = "side menu";
			sourceTree = "<group>";
		};
		5AD2897221663FB5000A7D6F /* side menu items vc */ = {
			isa = PBXGroup;
			children = (
				5AD2897321663FE1000A7D6F /* SideMenuItem1VC.swift */,
			);
			path = "side menu items vc";
			sourceTree = "<group>";
		};
		C0DDBFCAE5C05D72CD9EB616 /* Pods */ = {
			isa = PBXGroup;
			children = (
				02B48CB208CDD49DEC4F3825 /* Pods-MainApp.debug.xcconfig */,
				1575A0EE33CD583AC14A9160 /* Pods-MainApp.release.xcconfig */,
			);
			name = Pods;
			sourceTree = "<group>";
		};
		CD472A3EF4F654A38B5D19D3 /* Frameworks */ = {
			isa = PBXGroup;
			children = (
				DEA8963C6E515669F47F1101 /* Pods_MainApp.framework */,
			);
			name = Frameworks;
			sourceTree = "<group>";
		};
/* End PBXGroup section */

/* Begin PBXNativeTarget section */
		5AD2891C2166059F000A7D6F /* MainApp */ = {
			isa = PBXNativeTarget;
			buildConfigurationList = 5AD28948216605A2000A7D6F /* Build configuration list for PBXNativeTarget "MainApp" */;
			buildPhases = (
				6CB7131A88A2DDEFC4C7B1EE /* [CP] Check Pods Manifest.lock */,
				5AD289192166059F000A7D6F /* Sources */,
				5AD2891A2166059F000A7D6F /* Frameworks */,
				5AD2891B2166059F000A7D6F /* Resources */,
				9F4048C0C3EFF628E814E734 /* [CP] Embed Pods Frameworks */,
			);
			buildRules = (
			);
			dependencies = (
			);
			name = MainApp;
			productName = MainApp;
			productReference = 5AD2891D2166059F000A7D6F /* MainApp.app */;
			productType = "com.apple.product-type.application";
		};
		5AD28933216605A2000A7D6F /* MainAppTests */ = {
			isa = PBXNativeTarget;
			buildConfigurationList = 5AD2894B216605A2000A7D6F /* Build configuration list for PBXNativeTarget "MainAppTests" */;
			buildPhases = (
				5AD28930216605A2000A7D6F /* Sources */,
				5AD28931216605A2000A7D6F /* Frameworks */,
				5AD28932216605A2000A7D6F /* Resources */,
			);
			buildRules = (
			);
			dependencies = (
				5AD28936216605A2000A7D6F /* PBXTargetDependency */,
			);
			name = MainAppTests;
			productName = MainAppTests;
			productReference = 5AD28934216605A2000A7D6F /* MainAppTests.xctest */;
			productType = "com.apple.product-type.bundle.unit-test";
		};
		5AD2893E216605A2000A7D6F /* MainAppUITests */ = {
			isa = PBXNativeTarget;
			buildConfigurationList = 5AD2894E216605A2000A7D6F /* Build configuration list for PBXNativeTarget "MainAppUITests" */;
			buildPhases = (
				5AD2893B216605A2000A7D6F /* Sources */,
				5AD2893C216605A2000A7D6F /* Frameworks */,
				5AD2893D216605A2000A7D6F /* Resources */,
			);
			buildRules = (
			);
			dependencies = (
				5AD28941216605A2000A7D6F /* PBXTargetDependency */,
			);
			name = MainAppUITests;
			productName = MainAppUITests;
			productReference = 5AD2893F216605A2000A7D6F /* MainAppUITests.xctest */;
			productType = "com.apple.product-type.bundle.ui-testing";
		};
/* End PBXNativeTarget section */

/* Begin PBXProject section */
		5AD289152166059F000A7D6F /* Project object */ = {
			isa = PBXProject;
			attributes = {
				LastSwiftUpdateCheck = 1000;
				LastUpgradeCheck = 1000;
				ORGANIZATIONNAME = "mac bokk pro";
				TargetAttributes = {
					5AD2891C2166059F000A7D6F = {
						CreatedOnToolsVersion = 10.0;
						LastSwiftMigration = 1000;
					};
					5AD28933216605A2000A7D6F = {
						CreatedOnToolsVersion = 10.0;
						TestTargetID = 5AD2891C2166059F000A7D6F;
					};
					5AD2893E216605A2000A7D6F = {
						CreatedOnToolsVersion = 10.0;
						TestTargetID = 5AD2891C2166059F000A7D6F;
					};
				};
			};
			buildConfigurationList = 5AD289182166059F000A7D6F /* Build configuration list for PBXProject "MainApp" */;
			compatibilityVersion = "Xcode 9.3";
			developmentRegion = en;
			hasScannedForEncodings = 0;
			knownRegions = (
				en,
				Base,
			);
			mainGroup = 5AD289142166059F000A7D6F;
			productRefGroup = 5AD2891E2166059F000A7D6F /* Products */;
			projectDirPath = "";
			projectRoot = "";
			targets = (
				5AD2891C2166059F000A7D6F /* MainApp */,
				5AD28933216605A2000A7D6F /* MainAppTests */,
				5AD2893E216605A2000A7D6F /* MainAppUITests */,
			);
		};
/* End PBXProject section */

/* Begin PBXResourcesBuildPhase section */
		5AD2891B2166059F000A7D6F /* Resources */ = {
			isa = PBXResourcesBuildPhase;
			buildActionMask = 2147483647;
			files = (
				5ABC57DA216F2726001CCA95 /* HomePageCCell.xib in Resources */,
				5AD2892E216605A2000A7D6F /* LaunchScreen.storyboard in Resources */,
				5AD2895C21660B69000A7D6F /* PopUpDialogViewController.xib in Resources */,
				5AD2892B216605A2000A7D6F /* Assets.xcassets in Resources */,
				5AD2896F216635C3000A7D6F /* SideMenuItemsTVCell.xib in Resources */,
				5AD289262166059F000A7D6F /* Main.storyboard in Resources */,
				5ABC57D6216F26AA001CCA95 /* HomePageTVCell.xib in Resources */,
			);
			runOnlyForDeploymentPostprocessing = 0;
		};
		5AD28932216605A2000A7D6F /* Resources */ = {
			isa = PBXResourcesBuildPhase;
			buildActionMask = 2147483647;
			files = (
			);
			runOnlyForDeploymentPostprocessing = 0;
		};
		5AD2893D216605A2000A7D6F /* Resources */ = {
			isa = PBXResourcesBuildPhase;
			buildActionMask = 2147483647;
			files = (
			);
			runOnlyForDeploymentPostprocessing = 0;
		};
/* End PBXResourcesBuildPhase section */

/* Begin PBXShellScriptBuildPhase section */
		6CB7131A88A2DDEFC4C7B1EE /* [CP] Check Pods Manifest.lock */ = {
			isa = PBXShellScriptBuildPhase;
			buildActionMask = 2147483647;
			files = (
			);
			inputPaths = (
				"${PODS_PODFILE_DIR_PATH}/Podfile.lock",
				"${PODS_ROOT}/Manifest.lock",
			);
			name = "[CP] Check Pods Manifest.lock";
			outputPaths = (
				"$(DERIVED_FILE_DIR)/Pods-MainApp-checkManifestLockResult.txt",
			);
			runOnlyForDeploymentPostprocessing = 0;
			shellPath = /bin/sh;
			shellScript = "diff \"${PODS_PODFILE_DIR_PATH}/Podfile.lock\" \"${PODS_ROOT}/Manifest.lock\" > /dev/null\nif [ $? != 0 ] ; then\n    # print error to STDERR\n    echo \"error: The sandbox is not in sync with the Podfile.lock. Run 'pod install' or update your CocoaPods installation.\" >&2\n    exit 1\nfi\n# This output is used by Xcode 'outputs' to avoid re-running this script phase.\necho \"SUCCESS\" > \"${SCRIPT_OUTPUT_FILE_0}\"\n";
			showEnvVarsInLog = 0;
		};
		9F4048C0C3EFF628E814E734 /* [CP] Embed Pods Frameworks */ = {
			isa = PBXShellScriptBuildPhase;
			buildActionMask = 2147483647;
			files = (
			);
			inputPaths = (
				"${SRCROOT}/Pods/Target Support Files/Pods-MainApp/Pods-MainApp-frameworks.sh",
				"${BUILT_PRODUCTS_DIR}/Alamofire/Alamofire.framework",
				"${BUILT_PRODUCTS_DIR}/IQKeyboardManagerSwift/IQKeyboardManagerSwift.framework",
				"${BUILT_PRODUCTS_DIR}/JGProgressHUD/JGProgressHUD.framework",
				"${BUILT_PRODUCTS_DIR}/ObjectMapper/ObjectMapper.framework",
				"${BUILT_PRODUCTS_DIR}/RxCocoa/RxCocoa.framework",
				"${BUILT_PRODUCTS_DIR}/RxSwift/RxSwift.framework",
			);
			name = "[CP] Embed Pods Frameworks";
			outputPaths = (
				"${TARGET_BUILD_DIR}/${FRAMEWORKS_FOLDER_PATH}/Alamofire.framework",
				"${TARGET_BUILD_DIR}/${FRAMEWORKS_FOLDER_PATH}/IQKeyboardManagerSwift.framework",
				"${TARGET_BUILD_DIR}/${FRAMEWORKS_FOLDER_PATH}/JGProgressHUD.framework",
				"${TARGET_BUILD_DIR}/${FRAMEWORKS_FOLDER_PATH}/ObjectMapper.framework",
				"${TARGET_BUILD_DIR}/${FRAMEWORKS_FOLDER_PATH}/RxCocoa.framework",
				"${TARGET_BUILD_DIR}/${FRAMEWORKS_FOLDER_PATH}/RxSwift.framework",
			);
			runOnlyForDeploymentPostprocessing = 0;
			shellPath = /bin/sh;
			shellScript = "\"${SRCROOT}/Pods/Target Support Files/Pods-MainApp/Pods-MainApp-frameworks.sh\"\n";
			showEnvVarsInLog = 0;
		};
/* End PBXShellScriptBuildPhase section */

/* Begin PBXSourcesBuildPhase section */
		5AD289192166059F000A7D6F /* Sources */ = {
			isa = PBXSourcesBuildPhase;
			buildActionMask = 2147483647;
			files = (
				5AD2895B21660B69000A7D6F /* PopUpDialogViewController.swift in Sources */,
				5AD289232166059F000A7D6F /* MainViewController.swift in Sources */,
				5AD2895821660972000A7D6F /* BaseControllerView.swift in Sources */,
				5AD2897421663FE1000A7D6F /* SideMenuItem1VC.swift in Sources */,
				5ABC57DC216F2858001CCA95 /* HomeTVItems.swift in Sources */,
				5AD8BA90216BA0E9004D3EB0 /* HomeVC.swift in Sources */,
				5AD2896B2166353B000A7D6F /* SideMenuItemsVC.swift in Sources */,
				5AB552F5216C8F0F00BCF419 /* ReplaceViewControllerView.swift in Sources */,
				5ABC57D9216F2726001CCA95 /* HomePageCCell.swift in Sources */,
				5AD2896921662CB2000A7D6F /* SWRevealViewController.m in Sources */,
				5AD289212166059F000A7D6F /* AppDelegate.swift in Sources */,
				5ABC57D5216F26AA001CCA95 /* HomePageTVCell.swift in Sources */,
				5AD2895E21660D3B000A7D6F /* ShadowExtention.swift in Sources */,
				5AD289292166059F000A7D6F /* MainApp.xcdatamodeld in Sources */,
				5AD28971216638EC000A7D6F /* SideMenuItem.swift in Sources */,
				5AD2896E216635C3000A7D6F /* SideMenuItemsTVCell.swift in Sources */,
				5AD2896021660D81000A7D6F /* StringValidation.swift in Sources */,
			);
			runOnlyForDeploymentPostprocessing = 0;
		};
		5AD28930216605A2000A7D6F /* Sources */ = {
			isa = PBXSourcesBuildPhase;
			buildActionMask = 2147483647;
			files = (
				5AD28939216605A2000A7D6F /* MainAppTests.swift in Sources */,
			);
			runOnlyForDeploymentPostprocessing = 0;
		};
		5AD2893B216605A2000A7D6F /* Sources */ = {
			isa = PBXSourcesBuildPhase;
			buildActionMask = 2147483647;
			files = (
				5AD28944216605A2000A7D6F /* MainAppUITests.swift in Sources */,
			);
			runOnlyForDeploymentPostprocessing = 0;
		};
/* End PBXSourcesBuildPhase section */

/* Begin PBXTargetDependency section */
		5AD28936216605A2000A7D6F /* PBXTargetDependency */ = {
			isa = PBXTargetDependency;
			target = 5AD2891C2166059F000A7D6F /* MainApp */;
			targetProxy = 5AD28935216605A2000A7D6F /* PBXContainerItemProxy */;
		};
		5AD28941216605A2000A7D6F /* PBXTargetDependency */ = {
			isa = PBXTargetDependency;
			target = 5AD2891C2166059F000A7D6F /* MainApp */;
			targetProxy = 5AD28940216605A2000A7D6F /* PBXContainerItemProxy */;
		};
/* End PBXTargetDependency section */

/* Begin PBXVariantGroup section */
		5AD289242166059F000A7D6F /* Main.storyboard */ = {
			isa = PBXVariantGroup;
			children = (
				5AD289252166059F000A7D6F /* Base */,
			);
			name = Main.storyboard;
			sourceTree = "<group>";
		};
		5AD2892C216605A2000A7D6F /* LaunchScreen.storyboard */ = {
			isa = PBXVariantGroup;
			children = (
				5AD2892D216605A2000A7D6F /* Base */,
			);
			name = LaunchScreen.storyboard;
			sourceTree = "<group>";
		};
/* End PBXVariantGroup section */

/* Begin XCBuildConfiguration section */
		5AD28946216605A2000A7D6F /* Debug */ = {
			isa = XCBuildConfiguration;
			buildSettings = {
				ALWAYS_SEARCH_USER_PATHS = NO;
				CLANG_ANALYZER_NONNULL = YES;
				CLANG_ANALYZER_NUMBER_OBJECT_CONVERSION = YES_AGGRESSIVE;
				CLANG_CXX_LANGUAGE_STANDARD = "gnu++14";
				CLANG_CXX_LIBRARY = "libc++";
				CLANG_ENABLE_MODULES = YES;
				CLANG_ENABLE_OBJC_ARC = YES;
				CLANG_ENABLE_OBJC_WEAK = YES;
				CLANG_WARN_BLOCK_CAPTURE_AUTORELEASING = YES;
				CLANG_WARN_BOOL_CONVERSION = YES;
				CLANG_WARN_COMMA = YES;
				CLANG_WARN_CONSTANT_CONVERSION = YES;
				CLANG_WARN_DEPRECATED_OBJC_IMPLEMENTATIONS = YES;
				CLANG_WARN_DIRECT_OBJC_ISA_USAGE = YES_ERROR;
				CLANG_WARN_DOCUMENTATION_COMMENTS = YES;
				CLANG_WARN_EMPTY_BODY = YES;
				CLANG_WARN_ENUM_CONVERSION = YES;
				CLANG_WARN_INFINITE_RECURSION = YES;
				CLANG_WARN_INT_CONVERSION = YES;
				CLANG_WARN_NON_LITERAL_NULL_CONVERSION = YES;
				CLANG_WARN_OBJC_IMPLICIT_RETAIN_SELF = YES;
				CLANG_WARN_OBJC_LITERAL_CONVERSION = YES;
				CLANG_WARN_OBJC_ROOT_CLASS = YES_ERROR;
				CLANG_WARN_RANGE_LOOP_ANALYSIS = YES;
				CLANG_WARN_STRICT_PROTOTYPES = YES;
				CLANG_WARN_SUSPICIOUS_MOVE = YES;
				CLANG_WARN_UNGUARDED_AVAILABILITY = YES_AGGRESSIVE;
				CLANG_WARN_UNREACHABLE_CODE = YES;
				CLANG_WARN__DUPLICATE_METHOD_MATCH = YES;
				CODE_SIGN_IDENTITY = "iPhone Developer";
				COPY_PHASE_STRIP = NO;
				DEBUG_INFORMATION_FORMAT = dwarf;
				ENABLE_STRICT_OBJC_MSGSEND = YES;
				ENABLE_TESTABILITY = YES;
				GCC_C_LANGUAGE_STANDARD = gnu11;
				GCC_DYNAMIC_NO_PIC = NO;
				GCC_NO_COMMON_BLOCKS = YES;
				GCC_OPTIMIZATION_LEVEL = 0;
				GCC_PREPROCESSOR_DEFINITIONS = (
					"DEBUG=1",
					"$(inherited)",
				);
				GCC_WARN_64_TO_32_BIT_CONVERSION = YES;
				GCC_WARN_ABOUT_RETURN_TYPE = YES_ERROR;
				GCC_WARN_UNDECLARED_SELECTOR = YES;
				GCC_WARN_UNINITIALIZED_AUTOS = YES_AGGRESSIVE;
				GCC_WARN_UNUSED_FUNCTION = YES;
				GCC_WARN_UNUSED_VARIABLE = YES;
				IPHONEOS_DEPLOYMENT_TARGET = 12.0;
				MTL_ENABLE_DEBUG_INFO = INCLUDE_SOURCE;
				MTL_FAST_MATH = YES;
				ONLY_ACTIVE_ARCH = YES;
				SDKROOT = iphoneos;
				SWIFT_ACTIVE_COMPILATION_CONDITIONS = DEBUG;
				SWIFT_OPTIMIZATION_LEVEL = "-Onone";
			};
			name = Debug;
		};
		5AD28947216605A2000A7D6F /* Release */ = {
			isa = XCBuildConfiguration;
			buildSettings = {
				ALWAYS_SEARCH_USER_PATHS = NO;
				CLANG_ANALYZER_NONNULL = YES;
				CLANG_ANALYZER_NUMBER_OBJECT_CONVERSION = YES_AGGRESSIVE;
				CLANG_CXX_LANGUAGE_STANDARD = "gnu++14";
				CLANG_CXX_LIBRARY = "libc++";
				CLANG_ENABLE_MODULES = YES;
				CLANG_ENABLE_OBJC_ARC = YES;
				CLANG_ENABLE_OBJC_WEAK = YES;
				CLANG_WARN_BLOCK_CAPTURE_AUTORELEASING = YES;
				CLANG_WARN_BOOL_CONVERSION = YES;
				CLANG_WARN_COMMA = YES;
				CLANG_WARN_CONSTANT_CONVERSION = YES;
				CLANG_WARN_DEPRECATED_OBJC_IMPLEMENTATIONS = YES;
				CLANG_WARN_DIRECT_OBJC_ISA_USAGE = YES_ERROR;
				CLANG_WARN_DOCUMENTATION_COMMENTS = YES;
				CLANG_WARN_EMPTY_BODY = YES;
				CLANG_WARN_ENUM_CONVERSION = YES;
				CLANG_WARN_INFINITE_RECURSION = YES;
				CLANG_WARN_INT_CONVERSION = YES;
				CLANG_WARN_NON_LITERAL_NULL_CONVERSION = YES;
				CLANG_WARN_OBJC_IMPLICIT_RETAIN_SELF = YES;
				CLANG_WARN_OBJC_LITERAL_CONVERSION = YES;
				CLANG_WARN_OBJC_ROOT_CLASS = YES_ERROR;
				CLANG_WARN_RANGE_LOOP_ANALYSIS = YES;
				CLANG_WARN_STRICT_PROTOTYPES = YES;
				CLANG_WARN_SUSPICIOUS_MOVE = YES;
				CLANG_WARN_UNGUARDED_AVAILABILITY = YES_AGGRESSIVE;
				CLANG_WARN_UNREACHABLE_CODE = YES;
				CLANG_WARN__DUPLICATE_METHOD_MATCH = YES;
				CODE_SIGN_IDENTITY = "iPhone Developer";
				COPY_PHASE_STRIP = NO;
				DEBUG_INFORMATION_FORMAT = "dwarf-with-dsym";
				ENABLE_NS_ASSERTIONS = NO;
				ENABLE_STRICT_OBJC_MSGSEND = YES;
				GCC_C_LANGUAGE_STANDARD = gnu11;
				GCC_NO_COMMON_BLOCKS = YES;
				GCC_WARN_64_TO_32_BIT_CONVERSION = YES;
				GCC_WARN_ABOUT_RETURN_TYPE = YES_ERROR;
				GCC_WARN_UNDECLARED_SELECTOR = YES;
				GCC_WARN_UNINITIALIZED_AUTOS = YES_AGGRESSIVE;
				GCC_WARN_UNUSED_FUNCTION = YES;
				GCC_WARN_UNUSED_VARIABLE = YES;
				IPHONEOS_DEPLOYMENT_TARGET = 12.0;
				MTL_ENABLE_DEBUG_INFO = NO;
				MTL_FAST_MATH = YES;
				SDKROOT = iphoneos;
				SWIFT_COMPILATION_MODE = wholemodule;
				SWIFT_OPTIMIZATION_LEVEL = "-O";
				VALIDATE_PRODUCT = YES;
			};
			name = Release;
		};
		5AD28949216605A2000A7D6F /* Debug */ = {
			isa = XCBuildConfiguration;
			baseConfigurationReference = 02B48CB208CDD49DEC4F3825 /* Pods-MainApp.debug.xcconfig */;
			buildSettings = {
				ASSETCATALOG_COMPILER_APPICON_NAME = AppIcon;
				CODE_SIGN_STYLE = Automatic;
				DEVELOPMENT_TEAM = E78UK9EY2N;
				INFOPLIST_FILE = MainApp/Info.plist;
				LD_RUNPATH_SEARCH_PATHS = (
					"$(inherited)",
					"@executable_path/Frameworks",
				);
				PRODUCT_BUNDLE_IDENTIFIER = main.app.com.MainApp;
				PRODUCT_NAME = "$(TARGET_NAME)";
				SWIFT_OBJC_BRIDGING_HEADER = "/my apps/MainApp/MainApp/controllers/side menu/MainApp-Bridging-Header.h";
				SWIFT_OPTIMIZATION_LEVEL = "-Onone";
				SWIFT_VERSION = 3.0;
				TARGETED_DEVICE_FAMILY = "1,2";
			};
			name = Debug;
		};
		5AD2894A216605A2000A7D6F /* Release */ = {
			isa = XCBuildConfiguration;
			baseConfigurationReference = 1575A0EE33CD583AC14A9160 /* Pods-MainApp.release.xcconfig */;
			buildSettings = {
				ASSETCATALOG_COMPILER_APPICON_NAME = AppIcon;
				CODE_SIGN_STYLE = Automatic;
				DEVELOPMENT_TEAM = E78UK9EY2N;
				INFOPLIST_FILE = MainApp/Info.plist;
				LD_RUNPATH_SEARCH_PATHS = (
					"$(inherited)",
					"@executable_path/Frameworks",
				);
				PRODUCT_BUNDLE_IDENTIFIER = main.app.com.MainApp;
				PRODUCT_NAME = "$(TARGET_NAME)";
				SWIFT_OBJC_BRIDGING_HEADER = "/my apps/MainApp/MainApp/controllers/side menu/MainApp-Bridging-Header.h";
				SWIFT_VERSION = 3.0;
				TARGETED_DEVICE_FAMILY = "1,2";
			};
			name = Release;
		};
		5AD2894C216605A2000A7D6F /* Debug */ = {
			isa = XCBuildConfiguration;
			buildSettings = {
				ALWAYS_EMBED_SWIFT_STANDARD_LIBRARIES = YES;
				BUNDLE_LOADER = "$(TEST_HOST)";
				CODE_SIGN_STYLE = Automatic;
				INFOPLIST_FILE = MainAppTests/Info.plist;
				LD_RUNPATH_SEARCH_PATHS = (
					"$(inherited)",
					"@executable_path/Frameworks",
					"@loader_path/Frameworks",
				);
				PRODUCT_BUNDLE_IDENTIFIER = main.app.com.MainAppTests;
				PRODUCT_NAME = "$(TARGET_NAME)";
				SWIFT_VERSION = 4.2;
				TARGETED_DEVICE_FAMILY = "1,2";
				TEST_HOST = "$(BUILT_PRODUCTS_DIR)/MainApp.app/MainApp";
			};
			name = Debug;
		};
		5AD2894D216605A2000A7D6F /* Release */ = {
			isa = XCBuildConfiguration;
			buildSettings = {
				ALWAYS_EMBED_SWIFT_STANDARD_LIBRARIES = YES;
				BUNDLE_LOADER = "$(TEST_HOST)";
				CODE_SIGN_STYLE = Automatic;
				INFOPLIST_FILE = MainAppTests/Info.plist;
				LD_RUNPATH_SEARCH_PATHS = (
					"$(inherited)",
					"@executable_path/Frameworks",
					"@loader_path/Frameworks",
				);
				PRODUCT_BUNDLE_IDENTIFIER = main.app.com.MainAppTests;
				PRODUCT_NAME = "$(TARGET_NAME)";
				SWIFT_VERSION = 4.2;
				TARGETED_DEVICE_FAMILY = "1,2";
				TEST_HOST = "$(BUILT_PRODUCTS_DIR)/MainApp.app/MainApp";
			};
			name = Release;
		};
		5AD2894F216605A2000A7D6F /* Debug */ = {
			isa = XCBuildConfiguration;
			buildSettings = {
				ALWAYS_EMBED_SWIFT_STANDARD_LIBRARIES = YES;
				CODE_SIGN_STYLE = Automatic;
				INFOPLIST_FILE = MainAppUITests/Info.plist;
				LD_RUNPATH_SEARCH_PATHS = (
					"$(inherited)",
					"@executable_path/Frameworks",
					"@loader_path/Frameworks",
				);
				PRODUCT_BUNDLE_IDENTIFIER = main.app.com.MainAppUITests;
				PRODUCT_NAME = "$(TARGET_NAME)";
				SWIFT_VERSION = 4.2;
				TARGETED_DEVICE_FAMILY = "1,2";
				TEST_TARGET_NAME = MainApp;
			};
			name = Debug;
		};
		5AD28950216605A2000A7D6F /* Release */ = {
			isa = XCBuildConfiguration;
			buildSettings = {
				ALWAYS_EMBED_SWIFT_STANDARD_LIBRARIES = YES;
				CODE_SIGN_STYLE = Automatic;
				INFOPLIST_FILE = MainAppUITests/Info.plist;
				LD_RUNPATH_SEARCH_PATHS = (
					"$(inherited)",
					"@executable_path/Frameworks",
					"@loader_path/Frameworks",
				);
				PRODUCT_BUNDLE_IDENTIFIER = main.app.com.MainAppUITests;
				PRODUCT_NAME = "$(TARGET_NAME)";
				SWIFT_VERSION = 4.2;
				TARGETED_DEVICE_FAMILY = "1,2";
				TEST_TARGET_NAME = MainApp;
			};
			name = Release;
		};
/* End XCBuildConfiguration section */

/* Begin XCConfigurationList section */
		5AD289182166059F000A7D6F /* Build configuration list for PBXProject "MainApp" */ = {
			isa = XCConfigurationList;
			buildConfigurations = (
				5AD28946216605A2000A7D6F /* Debug */,
				5AD28947216605A2000A7D6F /* Release */,
			);
			defaultConfigurationIsVisible = 0;
			defaultConfigurationName = Release;
		};
		5AD28948216605A2000A7D6F /* Build configuration list for PBXNativeTarget "MainApp" */ = {
			isa = XCConfigurationList;
			buildConfigurations = (
				5AD28949216605A2000A7D6F /* Debug */,
				5AD2894A216605A2000A7D6F /* Release */,
			);
			defaultConfigurationIsVisible = 0;
			defaultConfigurationName = Release;
		};
		5AD2894B216605A2000A7D6F /* Build configuration list for PBXNativeTarget "MainAppTests" */ = {
			isa = XCConfigurationList;
			buildConfigurations = (
				5AD2894C216605A2000A7D6F /* Debug */,
				5AD2894D216605A2000A7D6F /* Release */,
			);
			defaultConfigurationIsVisible = 0;
			defaultConfigurationName = Release;
		};
		5AD2894E216605A2000A7D6F /* Build configuration list for PBXNativeTarget "MainAppUITests" */ = {
			isa = XCConfigurationList;
			buildConfigurations = (
				5AD2894F216605A2000A7D6F /* Debug */,
				5AD28950216605A2000A7D6F /* Release */,
			);
			defaultConfigurationIsVisible = 0;
			defaultConfigurationName = Release;
		};
/* End XCConfigurationList section */

/* Begin XCVersionGroup section */
		5AD289272166059F000A7D6F /* MainApp.xcdatamodeld */ = {
			isa = XCVersionGroup;
			children = (
				5AD289282166059F000A7D6F /* MainApp.xcdatamodel */,
			);
			currentVersion = 5AD289282166059F000A7D6F /* MainApp.xcdatamodel */;
			path = MainApp.xcdatamodeld;
			sourceTree = "<group>";
			versionGroupType = wrapper.xcdatamodel;
		};
/* End XCVersionGroup section */
	};
	rootObject = 5AD289152166059F000A7D6F /* Project object */;
}
